
Microsoft Visual Studio Solution File, Format Version 12.00
# Visual Studio Version 16
VisualStudioVersion = 16.0.809.7
MinimumVisualStudioVersion = 10.0.40219.1
Project("{FAE04EC0-301F-11D3-BF4B-00C04F79EFBC}") = "GRPCServer", "GRPCServer\GRPCServer.csproj", "{16734899-C692-40F8-9EAA-B39631290B84}"
EndProject
Project("{FAE04EC0-301F-11D3-BF4B-00C04F79EFBC}") = "GRPCClient", "GRPCClient\GRPCClient.csproj", "{21CAC3EA-C3AE-44D6-9026-DFFA4190D852}"
EndProject
Global
	GlobalSection(SolutionConfigurationPlatforms) = preSolution
		Debug|Any CPU = Debug|Any CPU
		Release|Any CPU = Release|Any CPU
	EndGlobalSection
	GlobalSection(ProjectConfigurationPlatforms) = postSolution
		{16734899-C692-40F8-9EAA-B39631290B84}.Debug|Any CPU.ActiveCfg = Debug|Any CPU
		{16734899-C692-40F8-9EAA-B39631290B84}.Debug|Any CPU.Build.0 = Debug|Any CPU
		{16734899-C692-40F8-9EAA-B39631290B84}.Release|Any CPU.ActiveCfg = Release|Any CPU
		{16734899-C692-40F8-9EAA-B39631290B84}.Release|Any CPU.Build.0 = Release|Any CPU
		{21CAC3EA-C3AE-44D6-9026-DFFA4190D852}.Debug|Any CPU.ActiveCfg = Debug|Any CPU
		{21CAC3EA-C3AE-44D6-9026-DFFA4190D852}.Debug|Any CPU.Build.0 = Debug|Any CPU
		{21CAC3EA-C3AE-44D6-9026-DFFA4190D852}.Release|Any CPU.ActiveCfg = Release|Any CPU
		{21CAC3EA-C3AE-44D6-9026-DFFA4190D852}.Release|Any CPU.Build.0 = Release|Any CPU
	EndGlobalSection
	GlobalSection(SolutionProperties) = preSolution
		HideSolutionNode = FALSE
	EndGlobalSection
	GlobalSection(ExtensibilityGlobals) = postSolution
		SolutionGuid = {A18CF284-B7C1-4D3E-A267-1E53FE2E4059}
	EndGlobalSection
EndGlobal
